
Microsoft Visual Studio Solution File, Format Version 12.00
# Visual Studio 15
VisualStudioVersion = 15.0.28010.2046
MinimumVisualStudioVersion = 10.0.40219.1
Project("{FAE04EC0-301F-11D3-BF4B-00C04F79EFBC}") = "BedeSlots", "BedeSlots\BedeSlots.csproj", "{3F4E7164-F11C-4797-81C9-3379DDEC46FF}"
EndProject
Global
	GlobalSection(SolutionConfigurationPlatforms) = preSolution
		Debug|Any CPU = Debug|Any CPU
		Release|Any CPU = Release|Any CPU
	EndGlobalSection
	GlobalSection(ProjectConfigurationPlatforms) = postSolution
		{3F4E7164-F11C-4797-81C9-3379DDEC46FF}.Debug|Any CPU.ActiveCfg = Debug|Any CPU
		{3F4E7164-F11C-4797-81C9-3379DDEC46FF}.Debug|Any CPU.Build.0 = Debug|Any CPU
		{3F4E7164-F11C-4797-81C9-3379DDEC46FF}.Release|Any CPU.ActiveCfg = Release|Any CPU
		{3F4E7164-F11C-4797-81C9-3379DDEC46FF}.Release|Any CPU.Build.0 = Release|Any CPU
	EndGlobalSection
	GlobalSection(SolutionProperties) = preSolution
		HideSolutionNode = FALSE
	EndGlobalSection
	GlobalSection(ExtensibilityGlobals) = postSolution
		SolutionGuid = {AE2366DA-80A8-4172-BB34-0AB637DEAAA0}
	EndGlobalSection
EndGlobal
